// !$*UTF8*$!
{
	archiveVersion = 1;
	classes = {
	};
	objectVersion = 46;
	objects = {

/* Begin PBXBuildFile section */
		BE01D8DF1C216B2900FC4B5A /* ExtensionRequestMessage.cpp in Sources */ = {isa = PBXBuildFile; fileRef = BE01D8C21C216B2900FC4B5A /* ExtensionRequestMessage.cpp */; };
		BE01D8E01C216B2900FC4B5A /* ExtensionResponseMessage.cpp in Sources */ = {isa = PBXBuildFile; fileRef = BE01D8C41C216B2900FC4B5A /* ExtensionResponseMessage.cpp */; };
		BE01D8E11C216B2900FC4B5A /* LoginRequestMessage.cpp in Sources */ = {isa = PBXBuildFile; fileRef = BE01D8C61C216B2900FC4B5A /* LoginRequestMessage.cpp */; };
		BE01D8E21C216B2900FC4B5A /* LoginResponseMessage.cpp in Sources */ = {isa = PBXBuildFile; fileRef = BE01D8C81C216B2900FC4B5A /* LoginResponseMessage.cpp */; };
		BE01D8E31C216B2900FC4B5A /* MsgSeqNoManager.cpp in Sources */ = {isa = PBXBuildFile; fileRef = BE01D8CB1C216B2900FC4B5A /* MsgSeqNoManager.cpp */; };
		BE01D8E41C216B2900FC4B5A /* RecvBuffer.cpp in Sources */ = {isa = PBXBuildFile; fileRef = BE01D8CD1C216B2900FC4B5A /* RecvBuffer.cpp */; };
		BE01D8E61C216B2900FC4B5A /* SocketEncryptManager.cpp in Sources */ = {isa = PBXBuildFile; fileRef = BE01D8D31C216B2900FC4B5A /* SocketEncryptManager.cpp */; };
		BE01D8E71C216B2900FC4B5A /* SocketMessageReaderImpl.cpp in Sources */ = {isa = PBXBuildFile; fileRef = BE01D8D71C216B2900FC4B5A /* SocketMessageReaderImpl.cpp */; };
		BE01D8E81C216B2900FC4B5A /* SocketMessageWriterImpl.cpp in Sources */ = {isa = PBXBuildFile; fileRef = BE01D8DA1C216B2900FC4B5A /* SocketMessageWriterImpl.cpp */; };
		BE01D8E91C216B2900FC4B5A /* SocketUtil.cpp in Sources */ = {isa = PBXBuildFile; fileRef = BE01D8DC1C216B2900FC4B5A /* SocketUtil.cpp */; };
		BE01D8ED1C216BD600FC4B5A /* ODSocket.cpp in Sources */ = {isa = PBXBuildFile; fileRef = BE01D8EB1C216BD600FC4B5A /* ODSocket.cpp */; };
		BE8389641CCF659800D5C27B /* ZLibString.cpp in Sources */ = {isa = PBXBuildFile; fileRef = BE8389621CCF659800D5C27B /* ZLibString.cpp */; };
		BE8389661CCF65E000D5C27B /* SocketClient.cpp in Sources */ = {isa = PBXBuildFile; fileRef = BE8389651CCF65E000D5C27B /* SocketClient.cpp */; };
/* End PBXBuildFile section */

/* Begin PBXCopyFilesBuildPhase section */
		BE01D8B31C216A8B00FC4B5A /* CopyFiles */ = {
			isa = PBXCopyFilesBuildPhase;
			buildActionMask = 2147483647;
			dstPath = "include/$(PRODUCT_NAME)";
			dstSubfolderSpec = 16;
			files = (
			);
			runOnlyForDeploymentPostprocessing = 0;
		};
/* End PBXCopyFilesBuildPhase section */

/* Begin PBXFileReference section */
		BE01D8B51C216A8B00FC4B5A /* liblibsocket.a */ = {isa = PBXFileReference; explicitFileType = archive.ar; includeInIndex = 0; path = liblibsocket.a; sourceTree = BUILT_PRODUCTS_DIR; };
		BE01D8C21C216B2900FC4B5A /* ExtensionRequestMessage.cpp */ = {isa = PBXFileReference; fileEncoding = 4; lastKnownFileType = sourcecode.cpp.cpp; path = ExtensionRequestMessage.cpp; sourceTree = "<group>"; };
		BE01D8C31C216B2900FC4B5A /* ExtensionRequestMessage.h */ = {isa = PBXFileReference; fileEncoding = 4; lastKnownFileType = sourcecode.c.h; path = ExtensionRequestMessage.h; sourceTree = "<group>"; };
		BE01D8C41C216B2900FC4B5A /* ExtensionResponseMessage.cpp */ = {isa = PBXFileReference; fileEncoding = 4; lastKnownFileType = sourcecode.cpp.cpp; path = ExtensionResponseMessage.cpp; sourceTree = "<group>"; };
		BE01D8C51C216B2900FC4B5A /* ExtensionResponseMessage.h */ = {isa = PBXFileReference; fileEncoding = 4; lastKnownFileType = sourcecode.c.h; path = ExtensionResponseMessage.h; sourceTree = "<group>"; };
		BE01D8C61C216B2900FC4B5A /* LoginRequestMessage.cpp */ = {isa = PBXFileReference; fileEncoding = 4; lastKnownFileType = sourcecode.cpp.cpp; path = LoginRequestMessage.cpp; sourceTree = "<group>"; };
		BE01D8C71C216B2900FC4B5A /* LoginRequestMessage.h */ = {isa = PBXFileReference; fileEncoding = 4; lastKnownFileType = sourcecode.c.h; path = LoginRequestMessage.h; sourceTree = "<group>"; };
		BE01D8C81C216B2900FC4B5A /* LoginResponseMessage.cpp */ = {isa = PBXFileReference; fileEncoding = 4; lastKnownFileType = sourcecode.cpp.cpp; path = LoginResponseMessage.cpp; sourceTree = "<group>"; };
		BE01D8C91C216B2900FC4B5A /* LoginResponseMessage.h */ = {isa = PBXFileReference; fileEncoding = 4; lastKnownFileType = sourcecode.c.h; path = LoginResponseMessage.h; sourceTree = "<group>"; };
		BE01D8CA1C216B2900FC4B5A /* MessageActionType.h */ = {isa = PBXFileReference; fileEncoding = 4; lastKnownFileType = sourcecode.c.h; path = MessageActionType.h; sourceTree = "<group>"; };
		BE01D8CB1C216B2900FC4B5A /* MsgSeqNoManager.cpp */ = {isa = PBXFileReference; fileEncoding = 4; lastKnownFileType = sourcecode.cpp.cpp; path = MsgSeqNoManager.cpp; sourceTree = "<group>"; };
		BE01D8CC1C216B2900FC4B5A /* MsgSeqNoManager.h */ = {isa = PBXFileReference; fileEncoding = 4; lastKnownFileType = sourcecode.c.h; path = MsgSeqNoManager.h; sourceTree = "<group>"; };
		BE01D8CD1C216B2900FC4B5A /* RecvBuffer.cpp */ = {isa = PBXFileReference; fileEncoding = 4; lastKnownFileType = sourcecode.cpp.cpp; path = RecvBuffer.cpp; sourceTree = "<group>"; };
		BE01D8CE1C216B2900FC4B5A /* RecvBuffer.h */ = {isa = PBXFileReference; fileEncoding = 4; lastKnownFileType = sourcecode.c.h; path = RecvBuffer.h; sourceTree = "<group>"; };
		BE01D8CF1C216B2900FC4B5A /* RequestMessage.h */ = {isa = PBXFileReference; fileEncoding = 4; lastKnownFileType = sourcecode.c.h; path = RequestMessage.h; sourceTree = "<group>"; };
		BE01D8D01C216B2900FC4B5A /* ResponseMessage.h */ = {isa = PBXFileReference; fileEncoding = 4; lastKnownFileType = sourcecode.c.h; path = ResponseMessage.h; sourceTree = "<group>"; };
		BE01D8D21C216B2900FC4B5A /* SocketClient.h */ = {isa = PBXFileReference; fileEncoding = 4; lastKnownFileType = sourcecode.c.h; path = SocketClient.h; sourceTree = "<group>"; };
		BE01D8D31C216B2900FC4B5A /* SocketEncryptManager.cpp */ = {isa = PBXFileReference; fileEncoding = 4; lastKnownFileType = sourcecode.cpp.cpp; path = SocketEncryptManager.cpp; sourceTree = "<group>"; };
		BE01D8D41C216B2900FC4B5A /* SocketEncryptManager.h */ = {isa = PBXFileReference; fileEncoding = 4; lastKnownFileType = sourcecode.c.h; path = SocketEncryptManager.h; sourceTree = "<group>"; };
		BE01D8D51C216B2900FC4B5A /* SocketMessage.h */ = {isa = PBXFileReference; fileEncoding = 4; lastKnownFileType = sourcecode.c.h; path = SocketMessage.h; sourceTree = "<group>"; };
		BE01D8D61C216B2900FC4B5A /* SocketMessageReader.h */ = {isa = PBXFileReference; fileEncoding = 4; lastKnownFileType = sourcecode.c.h; path = SocketMessageReader.h; sourceTree = "<group>"; };
		BE01D8D71C216B2900FC4B5A /* SocketMessageReaderImpl.cpp */ = {isa = PBXFileReference; fileEncoding = 4; lastKnownFileType = sourcecode.cpp.cpp; path = SocketMessageReaderImpl.cpp; sourceTree = "<group>"; };
		BE01D8D81C216B2900FC4B5A /* SocketMessageReaderImpl.h */ = {isa = PBXFileReference; fileEncoding = 4; lastKnownFileType = sourcecode.c.h; path = SocketMessageReaderImpl.h; sourceTree = "<group>"; };
		BE01D8D91C216B2900FC4B5A /* SocketMessageWriter.h */ = {isa = PBXFileReference; fileEncoding = 4; lastKnownFileType = sourcecode.c.h; path = SocketMessageWriter.h; sourceTree = "<group>"; };
		BE01D8DA1C216B2900FC4B5A /* SocketMessageWriterImpl.cpp */ = {isa = PBXFileReference; fileEncoding = 4; lastKnownFileType = sourcecode.cpp.cpp; path = SocketMessageWriterImpl.cpp; sourceTree = "<group>"; };
		BE01D8DB1C216B2900FC4B5A /* SocketMessageWriterImpl.h */ = {isa = PBXFileReference; fileEncoding = 4; lastKnownFileType = sourcecode.c.h; path = SocketMessageWriterImpl.h; sourceTree = "<group>"; };
		BE01D8DC1C216B2900FC4B5A /* SocketUtil.cpp */ = {isa = PBXFileReference; fileEncoding = 4; lastKnownFileType = sourcecode.cpp.cpp; path = SocketUtil.cpp; sourceTree = "<group>"; };
		BE01D8DD1C216B2900FC4B5A /* SocketUtil.h */ = {isa = PBXFileReference; fileEncoding = 4; lastKnownFileType = sourcecode.c.h; path = SocketUtil.h; sourceTree = "<group>"; };
		BE01D8DE1C216B2900FC4B5A /* SocketUtility.h */ = {isa = PBXFileReference; fileEncoding = 4; lastKnownFileType = sourcecode.c.h; path = SocketUtility.h; sourceTree = "<group>"; };
		BE01D8EB1C216BD600FC4B5A /* ODSocket.cpp */ = {isa = PBXFileReference; fileEncoding = 4; lastKnownFileType = sourcecode.cpp.cpp; name = ODSocket.cpp; path = odsocket/ODSocket.cpp; sourceTree = "<group>"; };
		BE01D8EC1C216BD600FC4B5A /* ODSocket.h */ = {isa = PBXFileReference; fileEncoding = 4; lastKnownFileType = sourcecode.c.h; name = ODSocket.h; path = odsocket/ODSocket.h; sourceTree = "<group>"; };
		BE8389611CCF659800D5C27B /* ZLibString.h */ = {isa = PBXFileReference; fileEncoding = 4; lastKnownFileType = sourcecode.c.h; path = ZLibString.h; sourceTree = "<group>"; };
		BE8389621CCF659800D5C27B /* ZLibString.cpp */ = {isa = PBXFileReference; fileEncoding = 4; lastKnownFileType = sourcecode.cpp.cpp; path = ZLibString.cpp; sourceTree = "<group>"; };
		BE8389651CCF65E000D5C27B /* SocketClient.cpp */ = {isa = PBXFileReference; fileEncoding = 4; lastKnownFileType = sourcecode.cpp.cpp; path = SocketClient.cpp; sourceTree = "<group>"; };
/* End PBXFileReference section */

/* Begin PBXFrameworksBuildPhase section */
		BE01D8B21C216A8B00FC4B5A /* Frameworks */ = {
			isa = PBXFrameworksBuildPhase;
			buildActionMask = 2147483647;
			files = (
			);
			runOnlyForDeploymentPostprocessing = 0;
		};
/* End PBXFrameworksBuildPhase section */

/* Begin PBXGroup section */
		BE01D8AC1C216A8B00FC4B5A = {
			isa = PBXGroup;
			children = (
				BE01D8C11C216ADE00FC4B5A /* libsocket */,
				BE01D8B61C216A8B00FC4B5A /* Products */,
			);
			sourceTree = "<group>";
		};
		BE01D8B61C216A8B00FC4B5A /* Products */ = {
			isa = PBXGroup;
			children = (
				BE01D8B51C216A8B00FC4B5A /* liblibsocket.a */,
			);
			name = Products;
			sourceTree = "<group>";
		};
		BE01D8C11C216ADE00FC4B5A /* libsocket */ = {
			isa = PBXGroup;
			children = (
				BE01D8C21C216B2900FC4B5A /* ExtensionRequestMessage.cpp */,
				BE01D8C31C216B2900FC4B5A /* ExtensionRequestMessage.h */,
				BE01D8C41C216B2900FC4B5A /* ExtensionResponseMessage.cpp */,
				BE01D8C51C216B2900FC4B5A /* ExtensionResponseMessage.h */,
				BE01D8C61C216B2900FC4B5A /* LoginRequestMessage.cpp */,
				BE01D8C71C216B2900FC4B5A /* LoginRequestMessage.h */,
				BE01D8C81C216B2900FC4B5A /* LoginResponseMessage.cpp */,
				BE01D8C91C216B2900FC4B5A /* LoginResponseMessage.h */,
				BE01D8CA1C216B2900FC4B5A /* MessageActionType.h */,
				BE01D8CB1C216B2900FC4B5A /* MsgSeqNoManager.cpp */,
				BE01D8CC1C216B2900FC4B5A /* MsgSeqNoManager.h */,
				BE01D8EA1C216BB200FC4B5A /* odsocket */,
				BE01D8CD1C216B2900FC4B5A /* RecvBuffer.cpp */,
				BE01D8CE1C216B2900FC4B5A /* RecvBuffer.h */,
				BE01D8CF1C216B2900FC4B5A /* RequestMessage.h */,
				BE01D8D01C216B2900FC4B5A /* ResponseMessage.h */,
				BE8389651CCF65E000D5C27B /* SocketClient.cpp */,
				BE01D8D21C216B2900FC4B5A /* SocketClient.h */,
				BE01D8D31C216B2900FC4B5A /* SocketEncryptManager.cpp */,
				BE01D8D41C216B2900FC4B5A /* SocketEncryptManager.h */,
				BE01D8D51C216B2900FC4B5A /* SocketMessage.h */,
				BE01D8D61C216B2900FC4B5A /* SocketMessageReader.h */,
				BE01D8D71C216B2900FC4B5A /* SocketMessageReaderImpl.cpp */,
				BE01D8D81C216B2900FC4B5A /* SocketMessageReaderImpl.h */,
				BE01D8D91C216B2900FC4B5A /* SocketMessageWriter.h */,
				BE01D8DA1C216B2900FC4B5A /* SocketMessageWriterImpl.cpp */,
				BE01D8DB1C216B2900FC4B5A /* SocketMessageWriterImpl.h */,
				BE01D8DC1C216B2900FC4B5A /* SocketUtil.cpp */,
				BE01D8DD1C216B2900FC4B5A /* SocketUtil.h */,
				BE01D8DE1C216B2900FC4B5A /* SocketUtility.h */,
				BE8389621CCF659800D5C27B /* ZLibString.cpp */,
				BE8389611CCF659800D5C27B /* ZLibString.h */,
			);
			name = libsocket;
			sourceTree = "<group>";
		};
		BE01D8EA1C216BB200FC4B5A /* odsocket */ = {
			isa = PBXGroup;
			children = (
				BE01D8EB1C216BD600FC4B5A /* ODSocket.cpp */,
				BE01D8EC1C216BD600FC4B5A /* ODSocket.h */,
			);
			name = odsocket;
			sourceTree = "<group>";
		};
/* End PBXGroup section */

/* Begin PBXNativeTarget section */
		BE01D8B41C216A8B00FC4B5A /* libsocket */ = {
			isa = PBXNativeTarget;
			buildConfigurationList = BE01D8BE1C216A8B00FC4B5A /* Build configuration list for PBXNativeTarget "libsocket" */;
			buildPhases = (
				BE01D8B11C216A8B00FC4B5A /* Sources */,
				BE01D8B21C216A8B00FC4B5A /* Frameworks */,
				BE01D8B31C216A8B00FC4B5A /* CopyFiles */,
			);
			buildRules = (
			);
			dependencies = (
			);
			name = libsocket;
			productName = libsocket;
			productReference = BE01D8B51C216A8B00FC4B5A /* liblibsocket.a */;
			productType = "com.apple.product-type.library.static";
		};
/* End PBXNativeTarget section */

/* Begin PBXProject section */
		BE01D8AD1C216A8B00FC4B5A /* Project object */ = {
			isa = PBXProject;
			attributes = {
				LastUpgradeCheck = 0700;
				ORGANIZATIONNAME = Baitian;
				TargetAttributes = {
					BE01D8B41C216A8B00FC4B5A = {
						CreatedOnToolsVersion = 7.0;
					};
				};
			};
			buildConfigurationList = BE01D8B01C216A8B00FC4B5A /* Build configuration list for PBXProject "libsocket" */;
			compatibilityVersion = "Xcode 3.2";
			developmentRegion = English;
			hasScannedForEncodings = 0;
			knownRegions = (
				en,
			);
			mainGroup = BE01D8AC1C216A8B00FC4B5A;
			productRefGroup = BE01D8B61C216A8B00FC4B5A /* Products */;
			projectDirPath = "";
			projectRoot = "";
			targets = (
				BE01D8B41C216A8B00FC4B5A /* libsocket */,
			);
		};
/* End PBXProject section */

/* Begin PBXSourcesBuildPhase section */
		BE01D8B11C216A8B00FC4B5A /* Sources */ = {
			isa = PBXSourcesBuildPhase;
			buildActionMask = 2147483647;
			files = (
				BE01D8E91C216B2900FC4B5A /* SocketUtil.cpp in Sources */,
				BE01D8E11C216B2900FC4B5A /* LoginRequestMessage.cpp in Sources */,
				BE01D8E81C216B2900FC4B5A /* SocketMessageWriterImpl.cpp in Sources */,
				BE01D8E41C216B2900FC4B5A /* RecvBuffer.cpp in Sources */,
				BE01D8E61C216B2900FC4B5A /* SocketEncryptManager.cpp in Sources */,
				BE01D8ED1C216BD600FC4B5A /* ODSocket.cpp in Sources */,
				BE8389661CCF65E000D5C27B /* SocketClient.cpp in Sources */,
				BE01D8E01C216B2900FC4B5A /* ExtensionResponseMessage.cpp in Sources */,
				BE01D8E21C216B2900FC4B5A /* LoginResponseMessage.cpp in Sources */,
				BE01D8E71C216B2900FC4B5A /* SocketMessageReaderImpl.cpp in Sources */,
				BE01D8DF1C216B2900FC4B5A /* ExtensionRequestMessage.cpp in Sources */,
				BE8389641CCF659800D5C27B /* ZLibString.cpp in Sources */,
				BE01D8E31C216B2900FC4B5A /* MsgSeqNoManager.cpp in Sources */,
			);
			runOnlyForDeploymentPostprocessing = 0;
		};
/* End PBXSourcesBuildPhase section */

/* Begin XCBuildConfiguration section */
		BE01D8BC1C216A8B00FC4B5A /* Debug */ = {
			isa = XCBuildConfiguration;
			buildSettings = {
				ALWAYS_SEARCH_USER_PATHS = NO;
				CLANG_CXX_LANGUAGE_STANDARD = "gnu++0x";
				CLANG_CXX_LIBRARY = "libc++";
				CLANG_ENABLE_MODULES = YES;
				CLANG_ENABLE_OBJC_ARC = YES;
				CLANG_WARN_BOOL_CONVERSION = YES;
				CLANG_WARN_CONSTANT_CONVERSION = YES;
				CLANG_WARN_DIRECT_OBJC_ISA_USAGE = YES_ERROR;
				CLANG_WARN_EMPTY_BODY = YES;
				CLANG_WARN_ENUM_CONVERSION = YES;
				CLANG_WARN_INT_CONVERSION = YES;
				CLANG_WARN_OBJC_ROOT_CLASS = YES_ERROR;
				CLANG_WARN_UNREACHABLE_CODE = YES;
				CLANG_WARN__DUPLICATE_METHOD_MATCH = YES;
				COPY_PHASE_STRIP = NO;
				DEBUG_INFORMATION_FORMAT = dwarf;
				ENABLE_STRICT_OBJC_MSGSEND = YES;
				ENABLE_TESTABILITY = YES;
				GCC_C_LANGUAGE_STANDARD = gnu99;
				GCC_DYNAMIC_NO_PIC = NO;
				GCC_NO_COMMON_BLOCKS = YES;
				GCC_OPTIMIZATION_LEVEL = 0;
				GCC_PREPROCESSOR_DEFINITIONS = (
					"DEBUG=1",
					"$(inherited)",
				);
				GCC_WARN_64_TO_32_BIT_CONVERSION = YES;
				GCC_WARN_ABOUT_RETURN_TYPE = YES_ERROR;
				GCC_WARN_UNDECLARED_SELECTOR = YES;
				GCC_WARN_UNINITIALIZED_AUTOS = YES_AGGRESSIVE;
				GCC_WARN_UNUSED_FUNCTION = YES;
				GCC_WARN_UNUSED_VARIABLE = YES;
				IPHONEOS_DEPLOYMENT_TARGET = 6.0;
				MTL_ENABLE_DEBUG_INFO = YES;
				ONLY_ACTIVE_ARCH = YES;
				SDKROOT = iphoneos;
			};
			name = Debug;
		};
		BE01D8BD1C216A8B00FC4B5A /* Release */ = {
			isa = XCBuildConfiguration;
			buildSettings = {
				ALWAYS_SEARCH_USER_PATHS = NO;
				CLANG_CXX_LANGUAGE_STANDARD = "gnu++0x";
				CLANG_CXX_LIBRARY = "libc++";
				CLANG_ENABLE_MODULES = YES;
				CLANG_ENABLE_OBJC_ARC = YES;
				CLANG_WARN_BOOL_CONVERSION = YES;
				CLANG_WARN_CONSTANT_CONVERSION = YES;
				CLANG_WARN_DIRECT_OBJC_ISA_USAGE = YES_ERROR;
				CLANG_WARN_EMPTY_BODY = YES;
				CLANG_WARN_ENUM_CONVERSION = YES;
				CLANG_WARN_INT_CONVERSION = YES;
				CLANG_WARN_OBJC_ROOT_CLASS = YES_ERROR;
				CLANG_WARN_UNREACHABLE_CODE = YES;
				CLANG_WARN__DUPLICATE_METHOD_MATCH = YES;
				COPY_PHASE_STRIP = NO;
				DEBUG_INFORMATION_FORMAT = "dwarf-with-dsym";
				ENABLE_NS_ASSERTIONS = NO;
				ENABLE_STRICT_OBJC_MSGSEND = YES;
				GCC_C_LANGUAGE_STANDARD = gnu99;
				GCC_NO_COMMON_BLOCKS = YES;
				GCC_WARN_64_TO_32_BIT_CONVERSION = YES;
				GCC_WARN_ABOUT_RETURN_TYPE = YES_ERROR;
				GCC_WARN_UNDECLARED_SELECTOR = YES;
				GCC_WARN_UNINITIALIZED_AUTOS = YES_AGGRESSIVE;
				GCC_WARN_UNUSED_FUNCTION = YES;
				GCC_WARN_UNUSED_VARIABLE = YES;
				IPHONEOS_DEPLOYMENT_TARGET = 6.0;
				MTL_ENABLE_DEBUG_INFO = NO;
				SDKROOT = iphoneos;
				VALIDATE_PRODUCT = YES;
			};
			name = Release;
		};
		BE01D8BF1C216A8B00FC4B5A /* Debug */ = {
			isa = XCBuildConfiguration;
			buildSettings = {
				OTHER_LDFLAGS = "-ObjC";
				PRODUCT_NAME = "$(TARGET_NAME)";
				SKIP_INSTALL = YES;
			};
			name = Debug;
		};
		BE01D8C01C216A8B00FC4B5A /* Release */ = {
			isa = XCBuildConfiguration;
			buildSettings = {
				OTHER_LDFLAGS = "-ObjC";
				PRODUCT_NAME = "$(TARGET_NAME)";
				SKIP_INSTALL = YES;
			};
			name = Release;
		};
/* End XCBuildConfiguration section */

/* Begin XCConfigurationList section */
		BE01D8B01C216A8B00FC4B5A /* Build configuration list for PBXProject "libsocket" */ = {
			isa = XCConfigurationList;
			buildConfigurations = (
				BE01D8BC1C216A8B00FC4B5A /* Debug */,
				BE01D8BD1C216A8B00FC4B5A /* Release */,
			);
			defaultConfigurationIsVisible = 0;
			defaultConfigurationName = Release;
		};
		BE01D8BE1C216A8B00FC4B5A /* Build configuration list for PBXNativeTarget "libsocket" */ = {
			isa = XCConfigurationList;
			buildConfigurations = (
				BE01D8BF1C216A8B00FC4B5A /* Debug */,
				BE01D8C01C216A8B00FC4B5A /* Release */,
			);
			defaultConfigurationIsVisible = 0;
			defaultConfigurationName = Release;
		};
/* End XCConfigurationList section */
	};
	rootObject = BE01D8AD1C216A8B00FC4B5A /* Project object */;
}
